
Microsoft Visual Studio Solution File, Format Version 12.00
# Visual Studio Version 16
VisualStudioVersion = 16.0.30128.74
MinimumVisualStudioVersion = 10.0.40219.1
Project("{9A19103F-16F7-4668-BE54-9A1E7A4F7556}") = "AboCafes.Web", "AboCafes.Web\AboCafes.Web.csproj", "{689C0FEB-2501-4399-9A63-09B95DF5B38F}"
EndProject
Project("{9A19103F-16F7-4668-BE54-9A1E7A4F7556}") = "AboCafes.Common", "AboCafes.Common\AboCafes.Common.csproj", "{BE33DC46-BAF5-4E82-970B-3BC23F550727}"
EndProject
Project("{FAE04EC0-301F-11D3-BF4B-00C04F79EFBC}") = "AboCafes.Prism", "AboCafes.Prism\AboCafes.Prism\AboCafes.Prism.csproj", "{57C439DA-B902-4895-B282-14E0084856CB}"
EndProject
Project("{FAE04EC0-301F-11D3-BF4B-00C04F79EFBC}") = "AboCafes.Prism.Android", "AboCafes.Prism\AboCafes.Prism.Android\AboCafes.Prism.Android.csproj", "{73844265-7B92-4CD8-B877-CF3BFCD85B96}"
EndProject
Project("{FAE04EC0-301F-11D3-BF4B-00C04F79EFBC}") = "AboCafes.Prism.iOS", "AboCafes.Prism\AboCafes.Prism.iOS\AboCafes.Prism.iOS.csproj", "{437324D3-5318-4280-9761-9C7DB56E1506}"
EndProject
Global
	GlobalSection(SolutionConfigurationPlatforms) = preSolution
		Ad-Hoc|Any CPU = Ad-Hoc|Any CPU
		Ad-Hoc|ARM = Ad-Hoc|ARM
		Ad-Hoc|iPhone = Ad-Hoc|iPhone
		Ad-Hoc|iPhoneSimulator = Ad-Hoc|iPhoneSimulator
		Ad-Hoc|x64 = Ad-Hoc|x64
		Ad-Hoc|x86 = Ad-Hoc|x86
		AppStore|Any CPU = AppStore|Any CPU
		AppStore|ARM = AppStore|ARM
		AppStore|iPhone = AppStore|iPhone
		AppStore|iPhoneSimulator = AppStore|iPhoneSimulator
		AppStore|x64 = AppStore|x64
		AppStore|x86 = AppStore|x86
		Debug|Any CPU = Debug|Any CPU
		Debug|ARM = Debug|ARM
		Debug|iPhone = Debug|iPhone
		Debug|iPhoneSimulator = Debug|iPhoneSimulator
		Debug|x64 = Debug|x64
		Debug|x86 = Debug|x86
		Release|Any CPU = Release|Any CPU
		Release|ARM = Release|ARM
		Release|iPhone = Release|iPhone
		Release|iPhoneSimulator = Release|iPhoneSimulator
		Release|x64 = Release|x64
		Release|x86 = Release|x86
	EndGlobalSection
	GlobalSection(ProjectConfigurationPlatforms) = postSolution
		{689C0FEB-2501-4399-9A63-09B95DF5B38F}.Ad-Hoc|Any CPU.ActiveCfg = Release|Any CPU
		{689C0FEB-2501-4399-9A63-09B95DF5B38F}.Ad-Hoc|Any CPU.Build.0 = Release|Any CPU
		{689C0FEB-2501-4399-9A63-09B95DF5B38F}.Ad-Hoc|ARM.ActiveCfg = Release|Any CPU
		{689C0FEB-2501-4399-9A63-09B95DF5B38F}.Ad-Hoc|ARM.Build.0 = Release|Any CPU
		{689C0FEB-2501-4399-9A63-09B95DF5B38F}.Ad-Hoc|iPhone.ActiveCfg = Release|Any CPU
		{689C0FEB-2501-4399-9A63-09B95DF5B38F}.Ad-Hoc|iPhone.Build.0 = Release|Any CPU
		{689C0FEB-2501-4399-9A63-09B95DF5B38F}.Ad-Hoc|iPhoneSimulator.ActiveCfg = Release|Any CPU
		{689C0FEB-2501-4399-9A63-09B95DF5B38F}.Ad-Hoc|iPhoneSimulator.Build.0 = Release|Any CPU
		{689C0FEB-2501-4399-9A63-09B95DF5B38F}.Ad-Hoc|x64.ActiveCfg = Release|Any CPU
		{689C0FEB-2501-4399-9A63-09B95DF5B38F}.Ad-Hoc|x64.Build.0 = Release|Any CPU
		{689C0FEB-2501-4399-9A63-09B95DF5B38F}.Ad-Hoc|x86.ActiveCfg = Release|Any CPU
		{689C0FEB-2501-4399-9A63-09B95DF5B38F}.Ad-Hoc|x86.Build.0 = Release|Any CPU
		{689C0FEB-2501-4399-9A63-09B95DF5B38F}.AppStore|Any CPU.ActiveCfg = Release|Any CPU
		{689C0FEB-2501-4399-9A63-09B95DF5B38F}.AppStore|Any CPU.Build.0 = Release|Any CPU
		{689C0FEB-2501-4399-9A63-09B95DF5B38F}.AppStore|ARM.ActiveCfg = Release|Any CPU
		{689C0FEB-2501-4399-9A63-09B95DF5B38F}.AppStore|ARM.Build.0 = Release|Any CPU
		{689C0FEB-2501-4399-9A63-09B95DF5B38F}.AppStore|iPhone.ActiveCfg = Release|Any CPU
		{689C0FEB-2501-4399-9A63-09B95DF5B38F}.AppStore|iPhone.Build.0 = Release|Any CPU
		{689C0FEB-2501-4399-9A63-09B95DF5B38F}.AppStore|iPhoneSimulator.ActiveCfg = Release|Any CPU
		{689C0FEB-2501-4399-9A63-09B95DF5B38F}.AppStore|iPhoneSimulator.Build.0 = Release|Any CPU
		{689C0FEB-2501-4399-9A63-09B95DF5B38F}.AppStore|x64.ActiveCfg = Release|Any CPU
		{689C0FEB-2501-4399-9A63-09B95DF5B38F}.AppStore|x64.Build.0 = Release|Any CPU
		{689C0FEB-2501-4399-9A63-09B95DF5B38F}.AppStore|x86.ActiveCfg = Release|Any CPU
		{689C0FEB-2501-4399-9A63-09B95DF5B38F}.AppStore|x86.Build.0 = Release|Any CPU
		{689C0FEB-2501-4399-9A63-09B95DF5B38F}.Debug|Any CPU.ActiveCfg = Debug|Any CPU
		{689C0FEB-2501-4399-9A63-09B95DF5B38F}.Debug|Any CPU.Build.0 = Debug|Any CPU
		{689C0FEB-2501-4399-9A63-09B95DF5B38F}.Debug|ARM.ActiveCfg = Debug|Any CPU
		{689C0FEB-2501-4399-9A63-09B95DF5B38F}.Debug|ARM.Build.0 = Debug|Any CPU
		{689C0FEB-2501-4399-9A63-09B95DF5B38F}.Debug|iPhone.ActiveCfg = Debug|Any CPU
		{689C0FEB-2501-4399-9A63-09B95DF5B38F}.Debug|iPhone.Build.0 = Debug|Any CPU
		{689C0FEB-2501-4399-9A63-09B95DF5B38F}.Debug|iPhoneSimulator.ActiveCfg = Debug|Any CPU
		{689C0FEB-2501-4399-9A63-09B95DF5B38F}.Debug|iPhoneSimulator.Build.0 = Debug|Any CPU
		{689C0FEB-2501-4399-9A63-09B95DF5B38F}.Debug|x64.ActiveCfg = Debug|Any CPU
		{689C0FEB-2501-4399-9A63-09B95DF5B38F}.Debug|x64.Build.0 = Debug|Any CPU
		{689C0FEB-2501-4399-9A63-09B95DF5B38F}.Debug|x86.ActiveCfg = Debug|Any CPU
		{689C0FEB-2501-4399-9A63-09B95DF5B38F}.Debug|x86.Build.0 = Debug|Any CPU
		{689C0FEB-2501-4399-9A63-09B95DF5B38F}.Release|Any CPU.ActiveCfg = Release|Any CPU
		{689C0FEB-2501-4399-9A63-09B95DF5B38F}.Release|Any CPU.Build.0 = Release|Any CPU
		{689C0FEB-2501-4399-9A63-09B95DF5B38F}.Release|ARM.ActiveCfg = Release|Any CPU
		{689C0FEB-2501-4399-9A63-09B95DF5B38F}.Release|ARM.Build.0 = Release|Any CPU
		{689C0FEB-2501-4399-9A63-09B95DF5B38F}.Release|iPhone.ActiveCfg = Release|Any CPU
		{689C0FEB-2501-4399-9A63-09B95DF5B38F}.Release|iPhone.Build.0 = Release|Any CPU
		{689C0FEB-2501-4399-9A63-09B95DF5B38F}.Release|iPhoneSimulator.ActiveCfg = Release|Any CPU
		{689C0FEB-2501-4399-9A63-09B95DF5B38F}.Release|iPhoneSimulator.Build.0 = Release|Any CPU
		{689C0FEB-2501-4399-9A63-09B95DF5B38F}.Release|x64.ActiveCfg = Release|Any CPU
		{689C0FEB-2501-4399-9A63-09B95DF5B38F}.Release|x64.Build.0 = Release|Any CPU
		{689C0FEB-2501-4399-9A63-09B95DF5B38F}.Release|x86.ActiveCfg = Release|Any CPU
		{689C0FEB-2501-4399-9A63-09B95DF5B38F}.Release|x86.Build.0 = Release|Any CPU
		{BE33DC46-BAF5-4E82-970B-3BC23F550727}.Ad-Hoc|Any CPU.ActiveCfg = Release|Any CPU
		{BE33DC46-BAF5-4E82-970B-3BC23F550727}.Ad-Hoc|Any CPU.Build.0 = Release|Any CPU
		{BE33DC46-BAF5-4E82-970B-3BC23F550727}.Ad-Hoc|ARM.ActiveCfg = Release|Any CPU
		{BE33DC46-BAF5-4E82-970B-3BC23F550727}.Ad-Hoc|ARM.Build.0 = Release|Any CPU
		{BE33DC46-BAF5-4E82-970B-3BC23F550727}.Ad-Hoc|iPhone.ActiveCfg = Release|Any CPU
		{BE33DC46-BAF5-4E82-970B-3BC23F550727}.Ad-Hoc|iPhone.Build.0 = Release|Any CPU
		{BE33DC46-BAF5-4E82-970B-3BC23F550727}.Ad-Hoc|iPhoneSimulator.ActiveCfg = Release|Any CPU
		{BE33DC46-BAF5-4E82-970B-3BC23F550727}.Ad-Hoc|iPhoneSimulator.Build.0 = Release|Any CPU
		{BE33DC46-BAF5-4E82-970B-3BC23F550727}.Ad-Hoc|x64.ActiveCfg = Release|Any CPU
		{BE33DC46-BAF5-4E82-970B-3BC23F550727}.Ad-Hoc|x64.Build.0 = Release|Any CPU
		{BE33DC46-BAF5-4E82-970B-3BC23F550727}.Ad-Hoc|x86.ActiveCfg = Release|Any CPU
		{BE33DC46-BAF5-4E82-970B-3BC23F550727}.Ad-Hoc|x86.Build.0 = Release|Any CPU
		{BE33DC46-BAF5-4E82-970B-3BC23F550727}.AppStore|Any CPU.ActiveCfg = Release|Any CPU
		{BE33DC46-BAF5-4E82-970B-3BC23F550727}.AppStore|Any CPU.Build.0 = Release|Any CPU
		{BE33DC46-BAF5-4E82-970B-3BC23F550727}.AppStore|ARM.ActiveCfg = Release|Any CPU
		{BE33DC46-BAF5-4E82-970B-3BC23F550727}.AppStore|ARM.Build.0 = Release|Any CPU
		{BE33DC46-BAF5-4E82-970B-3BC23F550727}.AppStore|iPhone.ActiveCfg = Release|Any CPU
		{BE33DC46-BAF5-4E82-970B-3BC23F550727}.AppStore|iPhone.Build.0 = Release|Any CPU
		{BE33DC46-BAF5-4E82-970B-3BC23F550727}.AppStore|iPhoneSimulator.ActiveCfg = Release|Any CPU
		{BE33DC46-BAF5-4E82-970B-3BC23F550727}.AppStore|iPhoneSimulator.Build.0 = Release|Any CPU
		{BE33DC46-BAF5-4E82-970B-3BC23F550727}.AppStore|x64.ActiveCfg = Release|Any CPU
		{BE33DC46-BAF5-4E82-970B-3BC23F550727}.AppStore|x64.Build.0 = Release|Any CPU
		{BE33DC46-BAF5-4E82-970B-3BC23F550727}.AppStore|x86.ActiveCfg = Release|Any CPU
		{BE33DC46-BAF5-4E82-970B-3BC23F550727}.AppStore|x86.Build.0 = Release|Any CPU
		{BE33DC46-BAF5-4E82-970B-3BC23F550727}.Debug|Any CPU.ActiveCfg = Debug|Any CPU
		{BE33DC46-BAF5-4E82-970B-3BC23F550727}.Debug|Any CPU.Build.0 = Debug|Any CPU
		{BE33DC46-BAF5-4E82-970B-3BC23F550727}.Debug|ARM.ActiveCfg = Debug|Any CPU
		{BE33DC46-BAF5-4E82-970B-3BC23F550727}.Debug|ARM.Build.0 = Debug|Any CPU
		{BE33DC46-BAF5-4E82-970B-3BC23F550727}.Debug|iPhone.ActiveCfg = Debug|Any CPU
		{BE33DC46-BAF5-4E82-970B-3BC23F550727}.Debug|iPhone.Build.0 = Debug|Any CPU
		{BE33DC46-BAF5-4E82-970B-3BC23F550727}.Debug|iPhoneSimulator.ActiveCfg = Debug|Any CPU
		{BE33DC46-BAF5-4E82-970B-3BC23F550727}.Debug|iPhoneSimulator.Build.0 = Debug|Any CPU
		{BE33DC46-BAF5-4E82-970B-3BC23F550727}.Debug|x64.ActiveCfg = Debug|Any CPU
		{BE33DC46-BAF5-4E82-970B-3BC23F550727}.Debug|x64.Build.0 = Debug|Any CPU
		{BE33DC46-BAF5-4E82-970B-3BC23F550727}.Debug|x86.ActiveCfg = Debug|Any CPU
		{BE33DC46-BAF5-4E82-970B-3BC23F550727}.Debug|x86.Build.0 = Debug|Any CPU
		{BE33DC46-BAF5-4E82-970B-3BC23F550727}.Release|Any CPU.ActiveCfg = Release|Any CPU
		{BE33DC46-BAF5-4E82-970B-3BC23F550727}.Release|Any CPU.Build.0 = Release|Any CPU
		{BE33DC46-BAF5-4E82-970B-3BC23F550727}.Release|ARM.ActiveCfg = Release|Any CPU
		{BE33DC46-BAF5-4E82-970B-3BC23F550727}.Release|ARM.Build.0 = Release|Any CPU
		{BE33DC46-BAF5-4E82-970B-3BC23F550727}.Release|iPhone.ActiveCfg = Release|Any CPU
		{BE33DC46-BAF5-4E82-970B-3BC23F550727}.Release|iPhone.Build.0 = Release|Any CPU
		{BE33DC46-BAF5-4E82-970B-3BC23F550727}.Release|iPhoneSimulator.ActiveCfg = Release|Any CPU
		{BE33DC46-BAF5-4E82-970B-3BC23F550727}.Release|iPhoneSimulator.Build.0 = Release|Any CPU
		{BE33DC46-BAF5-4E82-970B-3BC23F550727}.Release|x64.ActiveCfg = Release|Any CPU
		{BE33DC46-BAF5-4E82-970B-3BC23F550727}.Release|x64.Build.0 = Release|Any CPU
		{BE33DC46-BAF5-4E82-970B-3BC23F550727}.Release|x86.ActiveCfg = Release|Any CPU
		{BE33DC46-BAF5-4E82-970B-3BC23F550727}.Release|x86.Build.0 = Release|Any CPU
		{57C439DA-B902-4895-B282-14E0084856CB}.Ad-Hoc|Any CPU.ActiveCfg = Debug|Any CPU
		{57C439DA-B902-4895-B282-14E0084856CB}.Ad-Hoc|Any CPU.Build.0 = Debug|Any CPU
		{57C439DA-B902-4895-B282-14E0084856CB}.Ad-Hoc|ARM.ActiveCfg = Debug|Any CPU
		{57C439DA-B902-4895-B282-14E0084856CB}.Ad-Hoc|ARM.Build.0 = Debug|Any CPU
		{57C439DA-B902-4895-B282-14E0084856CB}.Ad-Hoc|iPhone.ActiveCfg = Debug|Any CPU
		{57C439DA-B902-4895-B282-14E0084856CB}.Ad-Hoc|iPhone.Build.0 = Debug|Any CPU
		{57C439DA-B902-4895-B282-14E0084856CB}.Ad-Hoc|iPhoneSimulator.ActiveCfg = Debug|Any CPU
		{57C439DA-B902-4895-B282-14E0084856CB}.Ad-Hoc|iPhoneSimulator.Build.0 = Debug|Any CPU
		{57C439DA-B902-4895-B282-14E0084856CB}.Ad-Hoc|x64.ActiveCfg = Debug|Any CPU
		{57C439DA-B902-4895-B282-14E0084856CB}.Ad-Hoc|x64.Build.0 = Debug|Any CPU
		{57C439DA-B902-4895-B282-14E0084856CB}.Ad-Hoc|x86.ActiveCfg = Debug|Any CPU
		{57C439DA-B902-4895-B282-14E0084856CB}.Ad-Hoc|x86.Build.0 = Debug|Any CPU
		{57C439DA-B902-4895-B282-14E0084856CB}.AppStore|Any CPU.ActiveCfg = Debug|Any CPU
		{57C439DA-B902-4895-B282-14E0084856CB}.AppStore|Any CPU.Build.0 = Debug|Any CPU
		{57C439DA-B902-4895-B282-14E0084856CB}.AppStore|ARM.ActiveCfg = Debug|Any CPU
		{57C439DA-B902-4895-B282-14E0084856CB}.AppStore|ARM.Build.0 = Debug|Any CPU
		{57C439DA-B902-4895-B282-14E0084856CB}.AppStore|iPhone.ActiveCfg = Debug|Any CPU
		{57C439DA-B902-4895-B282-14E0084856CB}.AppStore|iPhone.Build.0 = Debug|Any CPU
		{57C439DA-B902-4895-B282-14E0084856CB}.AppStore|iPhoneSimulator.ActiveCfg = Debug|Any CPU
		{57C439DA-B902-4895-B282-14E0084856CB}.AppStore|iPhoneSimulator.Build.0 = Debug|Any CPU
		{57C439DA-B902-4895-B282-14E0084856CB}.AppStore|x64.ActiveCfg = Debug|Any CPU
		{57C439DA-B902-4895-B282-14E0084856CB}.AppStore|x64.Build.0 = Debug|Any CPU
		{57C439DA-B902-4895-B282-14E0084856CB}.AppStore|x86.ActiveCfg = Debug|Any CPU
		{57C439DA-B902-4895-B282-14E0084856CB}.AppStore|x86.Build.0 = Debug|Any CPU
		{57C439DA-B902-4895-B282-14E0084856CB}.Debug|Any CPU.ActiveCfg = Debug|Any CPU
		{57C439DA-B902-4895-B282-14E0084856CB}.Debug|Any CPU.Build.0 = Debug|Any CPU
		{57C439DA-B902-4895-B282-14E0084856CB}.Debug|ARM.ActiveCfg = Debug|Any CPU
		{57C439DA-B902-4895-B282-14E0084856CB}.Debug|ARM.Build.0 = Debug|Any CPU
		{57C439DA-B902-4895-B282-14E0084856CB}.Debug|iPhone.ActiveCfg = Debug|Any CPU
		{57C439DA-B902-4895-B282-14E0084856CB}.Debug|iPhone.Build.0 = Debug|Any CPU
		{57C439DA-B902-4895-B282-14E0084856CB}.Debug|iPhoneSimulator.ActiveCfg = Debug|Any CPU
		{57C439DA-B902-4895-B282-14E0084856CB}.Debug|iPhoneSimulator.Build.0 = Debug|Any CPU
		{57C439DA-B902-4895-B282-14E0084856CB}.Debug|x64.ActiveCfg = Debug|Any CPU
		{57C439DA-B902-4895-B282-14E0084856CB}.Debug|x64.Build.0 = Debug|Any CPU
		{57C439DA-B902-4895-B282-14E0084856CB}.Debug|x86.ActiveCfg = Debug|Any CPU
		{57C439DA-B902-4895-B282-14E0084856CB}.Debug|x86.Build.0 = Debug|Any CPU
		{57C439DA-B902-4895-B282-14E0084856CB}.Release|Any CPU.ActiveCfg = Release|Any CPU
		{57C439DA-B902-4895-B282-14E0084856CB}.Release|Any CPU.Build.0 = Release|Any CPU
		{57C439DA-B902-4895-B282-14E0084856CB}.Release|ARM.ActiveCfg = Release|Any CPU
		{57C439DA-B902-4895-B282-14E0084856CB}.Release|ARM.Build.0 = Release|Any CPU
		{57C439DA-B902-4895-B282-14E0084856CB}.Release|iPhone.ActiveCfg = Release|Any CPU
		{57C439DA-B902-4895-B282-14E0084856CB}.Release|iPhone.Build.0 = Release|Any CPU
		{57C439DA-B902-4895-B282-14E0084856CB}.Release|iPhoneSimulator.ActiveCfg = Release|Any CPU
		{57C439DA-B902-4895-B282-14E0084856CB}.Release|iPhoneSimulator.Build.0 = Release|Any CPU
		{57C439DA-B902-4895-B282-14E0084856CB}.Release|x64.ActiveCfg = Release|Any CPU
		{57C439DA-B902-4895-B282-14E0084856CB}.Release|x64.Build.0 = Release|Any CPU
		{57C439DA-B902-4895-B282-14E0084856CB}.Release|x86.ActiveCfg = Release|Any CPU
		{57C439DA-B902-4895-B282-14E0084856CB}.Release|x86.Build.0 = Release|Any CPU
		{73844265-7B92-4CD8-B877-CF3BFCD85B96}.Ad-Hoc|Any CPU.ActiveCfg = Debug|Any CPU
		{73844265-7B92-4CD8-B877-CF3BFCD85B96}.Ad-Hoc|Any CPU.Build.0 = Debug|Any CPU
		{73844265-7B92-4CD8-B877-CF3BFCD85B96}.Ad-Hoc|Any CPU.Deploy.0 = Debug|Any CPU
		{73844265-7B92-4CD8-B877-CF3BFCD85B96}.Ad-Hoc|ARM.ActiveCfg = Debug|Any CPU
		{73844265-7B92-4CD8-B877-CF3BFCD85B96}.Ad-Hoc|ARM.Build.0 = Debug|Any CPU
		{73844265-7B92-4CD8-B877-CF3BFCD85B96}.Ad-Hoc|ARM.Deploy.0 = Debug|Any CPU
		{73844265-7B92-4CD8-B877-CF3BFCD85B96}.Ad-Hoc|iPhone.ActiveCfg = Debug|Any CPU
		{73844265-7B92-4CD8-B877-CF3BFCD85B96}.Ad-Hoc|iPhone.Build.0 = Debug|Any CPU
		{73844265-7B92-4CD8-B877-CF3BFCD85B96}.Ad-Hoc|iPhone.Deploy.0 = Debug|Any CPU
		{73844265-7B92-4CD8-B877-CF3BFCD85B96}.Ad-Hoc|iPhoneSimulator.ActiveCfg = Debug|Any CPU
		{73844265-7B92-4CD8-B877-CF3BFCD85B96}.Ad-Hoc|iPhoneSimulator.Build.0 = Debug|Any CPU
		{73844265-7B92-4CD8-B877-CF3BFCD85B96}.Ad-Hoc|iPhoneSimulator.Deploy.0 = Debug|Any CPU
		{73844265-7B92-4CD8-B877-CF3BFCD85B96}.Ad-Hoc|x64.ActiveCfg = Debug|Any CPU
		{73844265-7B92-4CD8-B877-CF3BFCD85B96}.Ad-Hoc|x64.Build.0 = Debug|Any CPU
		{73844265-7B92-4CD8-B877-CF3BFCD85B96}.Ad-Hoc|x64.Deploy.0 = Debug|Any CPU
		{73844265-7B92-4CD8-B877-CF3BFCD85B96}.Ad-Hoc|x86.ActiveCfg = Debug|Any CPU
		{73844265-7B92-4CD8-B877-CF3BFCD85B96}.Ad-Hoc|x86.Build.0 = Debug|Any CPU
		{73844265-7B92-4CD8-B877-CF3BFCD85B96}.Ad-Hoc|x86.Deploy.0 = Debug|Any CPU
		{73844265-7B92-4CD8-B877-CF3BFCD85B96}.AppStore|Any CPU.ActiveCfg = Debug|Any CPU
		{73844265-7B92-4CD8-B877-CF3BFCD85B96}.AppStore|Any CPU.Build.0 = Debug|Any CPU
		{73844265-7B92-4CD8-B877-CF3BFCD85B96}.AppStore|Any CPU.Deploy.0 = Debug|Any CPU
		{73844265-7B92-4CD8-B877-CF3BFCD85B96}.AppStore|ARM.ActiveCfg = Debug|Any CPU
		{73844265-7B92-4CD8-B877-CF3BFCD85B96}.AppStore|ARM.Build.0 = Debug|Any CPU
		{73844265-7B92-4CD8-B877-CF3BFCD85B96}.AppStore|ARM.Deploy.0 = Debug|Any CPU
		{73844265-7B92-4CD8-B877-CF3BFCD85B96}.AppStore|iPhone.ActiveCfg = Debug|Any CPU
		{73844265-7B92-4CD8-B877-CF3BFCD85B96}.AppStore|iPhone.Build.0 = Debug|Any CPU
		{73844265-7B92-4CD8-B877-CF3BFCD85B96}.AppStore|iPhone.Deploy.0 = Debug|Any CPU
		{73844265-7B92-4CD8-B877-CF3BFCD85B96}.AppStore|iPhoneSimulator.ActiveCfg = Debug|Any CPU
		{73844265-7B92-4CD8-B877-CF3BFCD85B96}.AppStore|iPhoneSimulator.Build.0 = Debug|Any CPU
		{73844265-7B92-4CD8-B877-CF3BFCD85B96}.AppStore|iPhoneSimulator.Deploy.0 = Debug|Any CPU
		{73844265-7B92-4CD8-B877-CF3BFCD85B96}.AppStore|x64.ActiveCfg = Debug|Any CPU
		{73844265-7B92-4CD8-B877-CF3BFCD85B96}.AppStore|x64.Build.0 = Debug|Any CPU
		{73844265-7B92-4CD8-B877-CF3BFCD85B96}.AppStore|x64.Deploy.0 = Debug|Any CPU
		{73844265-7B92-4CD8-B877-CF3BFCD85B96}.AppStore|x86.ActiveCfg = Debug|Any CPU
		{73844265-7B92-4CD8-B877-CF3BFCD85B96}.AppStore|x86.Build.0 = Debug|Any CPU
		{73844265-7B92-4CD8-B877-CF3BFCD85B96}.AppStore|x86.Deploy.0 = Debug|Any CPU
		{73844265-7B92-4CD8-B877-CF3BFCD85B96}.Debug|Any CPU.ActiveCfg = Debug|Any CPU
		{73844265-7B92-4CD8-B877-CF3BFCD85B96}.Debug|Any CPU.Build.0 = Debug|Any CPU
		{73844265-7B92-4CD8-B877-CF3BFCD85B96}.Debug|Any CPU.Deploy.0 = Debug|Any CPU
		{73844265-7B92-4CD8-B877-CF3BFCD85B96}.Debug|ARM.ActiveCfg = Debug|Any CPU
		{73844265-7B92-4CD8-B877-CF3BFCD85B96}.Debug|ARM.Build.0 = Debug|Any CPU
		{73844265-7B92-4CD8-B877-CF3BFCD85B96}.Debug|ARM.Deploy.0 = Debug|Any CPU
		{73844265-7B92-4CD8-B877-CF3BFCD85B96}.Debug|iPhone.ActiveCfg = Debug|Any CPU
		{73844265-7B92-4CD8-B877-CF3BFCD85B96}.Debug|iPhone.Build.0 = Debug|Any CPU
		{73844265-7B92-4CD8-B877-CF3BFCD85B96}.Debug|iPhone.Deploy.0 = Debug|Any CPU
		{73844265-7B92-4CD8-B877-CF3BFCD85B96}.Debug|iPhoneSimulator.ActiveCfg = Debug|Any CPU
		{73844265-7B92-4CD8-B877-CF3BFCD85B96}.Debug|iPhoneSimulator.Build.0 = Debug|Any CPU
		{73844265-7B92-4CD8-B877-CF3BFCD85B96}.Debug|iPhoneSimulator.Deploy.0 = Debug|Any CPU
		{73844265-7B92-4CD8-B877-CF3BFCD85B96}.Debug|x64.ActiveCfg = Debug|Any CPU
		{73844265-7B92-4CD8-B877-CF3BFCD85B96}.Debug|x64.Build.0 = Debug|Any CPU
		{73844265-7B92-4CD8-B877-CF3BFCD85B96}.Debug|x64.Deploy.0 = Debug|Any CPU
		{73844265-7B92-4CD8-B877-CF3BFCD85B96}.Debug|x86.ActiveCfg = Debug|Any CPU
		{73844265-7B92-4CD8-B877-CF3BFCD85B96}.Debug|x86.Build.0 = Debug|Any CPU
		{73844265-7B92-4CD8-B877-CF3BFCD85B96}.Debug|x86.Deploy.0 = Debug|Any CPU
		{73844265-7B92-4CD8-B877-CF3BFCD85B96}.Release|Any CPU.ActiveCfg = Release|Any CPU
		{73844265-7B92-4CD8-B877-CF3BFCD85B96}.Release|Any CPU.Build.0 = Release|Any CPU
		{73844265-7B92-4CD8-B877-CF3BFCD85B96}.Release|Any CPU.Deploy.0 = Release|Any CPU
		{73844265-7B92-4CD8-B877-CF3BFCD85B96}.Release|ARM.ActiveCfg = Release|Any CPU
		{73844265-7B92-4CD8-B877-CF3BFCD85B96}.Release|ARM.Build.0 = Release|Any CPU
		{73844265-7B92-4CD8-B877-CF3BFCD85B96}.Release|ARM.Deploy.0 = Release|Any CPU
		{73844265-7B92-4CD8-B877-CF3BFCD85B96}.Release|iPhone.ActiveCfg = Release|Any CPU
		{73844265-7B92-4CD8-B877-CF3BFCD85B96}.Release|iPhone.Build.0 = Release|Any CPU
		{73844265-7B92-4CD8-B877-CF3BFCD85B96}.Release|iPhone.Deploy.0 = Release|Any CPU
		{73844265-7B92-4CD8-B877-CF3BFCD85B96}.Release|iPhoneSimulator.ActiveCfg = Release|Any CPU
		{73844265-7B92-4CD8-B877-CF3BFCD85B96}.Release|iPhoneSimulator.Build.0 = Release|Any CPU
		{73844265-7B92-4CD8-B877-CF3BFCD85B96}.Release|iPhoneSimulator.Deploy.0 = Release|Any CPU
		{73844265-7B92-4CD8-B877-CF3BFCD85B96}.Release|x64.ActiveCfg = Release|Any CPU
		{73844265-7B92-4CD8-B877-CF3BFCD85B96}.Release|x64.Build.0 = Release|Any CPU
		{73844265-7B92-4CD8-B877-CF3BFCD85B96}.Release|x64.Deploy.0 = Release|Any CPU
		{73844265-7B92-4CD8-B877-CF3BFCD85B96}.Release|x86.ActiveCfg = Release|Any CPU
		{73844265-7B92-4CD8-B877-CF3BFCD85B96}.Release|x86.Build.0 = Release|Any CPU
		{73844265-7B92-4CD8-B877-CF3BFCD85B96}.Release|x86.Deploy.0 = Release|Any CPU
		{437324D3-5318-4280-9761-9C7DB56E1506}.Ad-Hoc|Any CPU.ActiveCfg = Ad-Hoc|iPhoneSimulator
		{437324D3-5318-4280-9761-9C7DB56E1506}.Ad-Hoc|ARM.ActiveCfg = Ad-Hoc|iPhoneSimulator
		{437324D3-5318-4280-9761-9C7DB56E1506}.Ad-Hoc|iPhone.ActiveCfg = Ad-Hoc|iPhone
		{437324D3-5318-4280-9761-9C7DB56E1506}.Ad-Hoc|iPhone.Build.0 = Ad-Hoc|iPhone
		{437324D3-5318-4280-9761-9C7DB56E1506}.Ad-Hoc|iPhoneSimulator.ActiveCfg = Ad-Hoc|iPhoneSimulator
		{437324D3-5318-4280-9761-9C7DB56E1506}.Ad-Hoc|iPhoneSimulator.Build.0 = Ad-Hoc|iPhoneSimulator
		{437324D3-5318-4280-9761-9C7DB56E1506}.Ad-Hoc|x64.ActiveCfg = Ad-Hoc|iPhoneSimulator
		{437324D3-5318-4280-9761-9C7DB56E1506}.Ad-Hoc|x86.ActiveCfg = Ad-Hoc|iPhoneSimulator
		{437324D3-5318-4280-9761-9C7DB56E1506}.AppStore|Any CPU.ActiveCfg = AppStore|iPhoneSimulator
		{437324D3-5318-4280-9761-9C7DB56E1506}.AppStore|ARM.ActiveCfg = AppStore|iPhoneSimulator
		{437324D3-5318-4280-9761-9C7DB56E1506}.AppStore|iPhone.ActiveCfg = AppStore|iPhone
		{437324D3-5318-4280-9761-9C7DB56E1506}.AppStore|iPhone.Build.0 = AppStore|iPhone
		{437324D3-5318-4280-9761-9C7DB56E1506}.AppStore|iPhoneSimulator.ActiveCfg = AppStore|iPhoneSimulator
		{437324D3-5318-4280-9761-9C7DB56E1506}.AppStore|iPhoneSimulator.Build.0 = AppStore|iPhoneSimulator
		{437324D3-5318-4280-9761-9C7DB56E1506}.AppStore|x64.ActiveCfg = AppStore|iPhoneSimulator
		{437324D3-5318-4280-9761-9C7DB56E1506}.AppStore|x86.ActiveCfg = AppStore|iPhoneSimulator
		{437324D3-5318-4280-9761-9C7DB56E1506}.Debug|Any CPU.ActiveCfg = Debug|iPhoneSimulator
		{437324D3-5318-4280-9761-9C7DB56E1506}.Debug|ARM.ActiveCfg = Debug|iPhoneSimulator
		{437324D3-5318-4280-9761-9C7DB56E1506}.Debug|iPhone.ActiveCfg = Debug|iPhone
		{437324D3-5318-4280-9761-9C7DB56E1506}.Debug|iPhone.Build.0 = Debug|iPhone
		{437324D3-5318-4280-9761-9C7DB56E1506}.Debug|iPhoneSimulator.ActiveCfg = Debug|iPhoneSimulator
		{437324D3-5318-4280-9761-9C7DB56E1506}.Debug|iPhoneSimulator.Build.0 = Debug|iPhoneSimulator
		{437324D3-5318-4280-9761-9C7DB56E1506}.Debug|x64.ActiveCfg = Debug|iPhoneSimulator
		{437324D3-5318-4280-9761-9C7DB56E1506}.Debug|x86.ActiveCfg = Debug|iPhoneSimulator
		{437324D3-5318-4280-9761-9C7DB56E1506}.Release|Any CPU.ActiveCfg = Release|iPhoneSimulator
		{437324D3-5318-4280-9761-9C7DB56E1506}.Release|ARM.ActiveCfg = Release|iPhoneSimulator
		{437324D3-5318-4280-9761-9C7DB56E1506}.Release|iPhone.ActiveCfg = Release|iPhone
		{437324D3-5318-4280-9761-9C7DB56E1506}.Release|iPhone.Build.0 = Release|iPhone
		{437324D3-5318-4280-9761-9C7DB56E1506}.Release|iPhoneSimulator.ActiveCfg = Release|iPhoneSimulator
		{437324D3-5318-4280-9761-9C7DB56E1506}.Release|iPhoneSimulator.Build.0 = Release|iPhoneSimulator
		{437324D3-5318-4280-9761-9C7DB56E1506}.Release|x64.ActiveCfg = Release|iPhoneSimulator
		{437324D3-5318-4280-9761-9C7DB56E1506}.Release|x86.ActiveCfg = Release|iPhoneSimulator
	EndGlobalSection
	GlobalSection(SolutionProperties) = preSolution
		HideSolutionNode = FALSE
	EndGlobalSection
	GlobalSection(ExtensibilityGlobals) = postSolution
		SolutionGuid = {CC974E9C-73AA-4747-BEEA-2D101066B729}
	EndGlobalSection
EndGlobal
