
Microsoft Visual Studio Solution File, Format Version 12.00
# Visual Studio Version 16
VisualStudioVersion = 16.0.30128.74
MinimumVisualStudioVersion = 10.0.40219.1
Project("{FAE04EC0-301F-11D3-BF4B-00C04F79EFBC}") = "AboCafes.Web", "AboCafes.Web\AboCafes.Web.csproj", "{689C0FEB-2501-4399-9A63-09B95DF5B38F}"
EndProject
Project("{FAE04EC0-301F-11D3-BF4B-00C04F79EFBC}") = "AboCafes.Common", "AboCafes.Common\AboCafes.Common.csproj", "{BE33DC46-BAF5-4E82-970B-3BC23F550727}"
EndProject
Global
	GlobalSection(SolutionConfigurationPlatforms) = preSolution
		Debug|Any CPU = Debug|Any CPU
		Release|Any CPU = Release|Any CPU
	EndGlobalSection
	GlobalSection(ProjectConfigurationPlatforms) = postSolution
		{689C0FEB-2501-4399-9A63-09B95DF5B38F}.Debug|Any CPU.ActiveCfg = Debug|Any CPU
		{689C0FEB-2501-4399-9A63-09B95DF5B38F}.Debug|Any CPU.Build.0 = Debug|Any CPU
		{689C0FEB-2501-4399-9A63-09B95DF5B38F}.Release|Any CPU.ActiveCfg = Release|Any CPU
		{689C0FEB-2501-4399-9A63-09B95DF5B38F}.Release|Any CPU.Build.0 = Release|Any CPU
		{BE33DC46-BAF5-4E82-970B-3BC23F550727}.Debug|Any CPU.ActiveCfg = Debug|Any CPU
		{BE33DC46-BAF5-4E82-970B-3BC23F550727}.Debug|Any CPU.Build.0 = Debug|Any CPU
		{BE33DC46-BAF5-4E82-970B-3BC23F550727}.Release|Any CPU.ActiveCfg = Release|Any CPU
		{BE33DC46-BAF5-4E82-970B-3BC23F550727}.Release|Any CPU.Build.0 = Release|Any CPU
	EndGlobalSection
	GlobalSection(SolutionProperties) = preSolution
		HideSolutionNode = FALSE
	EndGlobalSection
	GlobalSection(ExtensibilityGlobals) = postSolution
		SolutionGuid = {CC974E9C-73AA-4747-BEEA-2D101066B729}
	EndGlobalSection
EndGlobal
